
Microsoft Visual Studio Solution File, Format Version 12.00
# Visual Studio Version 17
VisualStudioVersion = 17.0.32112.339
MinimumVisualStudioVersion = 10.0.40219.1
Project("{FAE04EC0-301F-11D3-BF4B-00C04F79EFBC}") = "ReverseService", "ReverseService\ReverseService.csproj", "{89249DFD-4655-4226-AD96-35D2DAF510E7}"
EndProject
Project("{FAE04EC0-301F-11D3-BF4B-00C04F79EFBC}") = "ReverseClient", "ReverseClient\ReverseClient.csproj", "{F92FAD99-95EB-4B5F-B29B-4E8FA8CC8926}"
EndProject
Global
	GlobalSection(SolutionConfigurationPlatforms) = preSolution
		Debug|Any CPU = Debug|Any CPU
		Release|Any CPU = Release|Any CPU
	EndGlobalSection
	GlobalSection(ProjectConfigurationPlatforms) = postSolution
		{89249DFD-4655-4226-AD96-35D2DAF510E7}.Debug|Any CPU.ActiveCfg = Debug|Any CPU
		{89249DFD-4655-4226-AD96-35D2DAF510E7}.Debug|Any CPU.Build.0 = Debug|Any CPU
		{89249DFD-4655-4226-AD96-35D2DAF510E7}.Release|Any CPU.ActiveCfg = Release|Any CPU
		{89249DFD-4655-4226-AD96-35D2DAF510E7}.Release|Any CPU.Build.0 = Release|Any CPU
		{F92FAD99-95EB-4B5F-B29B-4E8FA8CC8926}.Debug|Any CPU.ActiveCfg = Debug|Any CPU
		{F92FAD99-95EB-4B5F-B29B-4E8FA8CC8926}.Debug|Any CPU.Build.0 = Debug|Any CPU
		{F92FAD99-95EB-4B5F-B29B-4E8FA8CC8926}.Release|Any CPU.ActiveCfg = Release|Any CPU
		{F92FAD99-95EB-4B5F-B29B-4E8FA8CC8926}.Release|Any CPU.Build.0 = Release|Any CPU
	EndGlobalSection
	GlobalSection(SolutionProperties) = preSolution
		HideSolutionNode = FALSE
	EndGlobalSection
	GlobalSection(ExtensibilityGlobals) = postSolution
		SolutionGuid = {B95C320D-2AEE-42FB-B385-146880EB497A}
	EndGlobalSection
EndGlobal
